{
  "requires": true,
  "lockfileVersion": 1,
  "dependencies": {
    "zingchart": {
      "version": "2.9.9",
      "resolved": "https://registry.npmjs.org/zingchart/-/zingchart-2.9.9.tgz",
      "integrity": "sha512-zuHUIUIi1wYEOR8DHv/LXciNHjrYRCbmSh2DmA4JU/RyPLw5NImJmGdOLYPmI+d9LhnRlWP/sEKIASxOYL+Kww=="
    }
  }
}
